
Microsoft Visual Studio Solution File, Format Version 12.00
# Visual Studio Version 16
VisualStudioVersion = 16.0.30523.141
MinimumVisualStudioVersion = 10.0.40219.1
Project("{9A19103F-16F7-4668-BE54-9A1E7A4F7556}") = "PashuaNetBindings", "PashuaNetBindings\PashuaNetBindings.csproj", "{71AE0F43-D5EC-4EAB-8110-F57B6F3BB888}"
EndProject
Project("{9A19103F-16F7-4668-BE54-9A1E7A4F7556}") = "PashuaNetBindings.Tests", "PashuaNetBindings.Tests\PashuaNetBindings.Tests.csproj", "{576CF740-C14D-4241-912F-D97B309146D0}"
EndProject
Project("{9A19103F-16F7-4668-BE54-9A1E7A4F7556}") = "PashuaNetBindings.TestRunner", "PashuaNetBindings.TestRunner\PashuaNetBindings.TestRunner.csproj", "{44CD835E-2303-41FC-97D1-2CBD1D3DF8AF}"
EndProject
Project("{9A19103F-16F7-4668-BE54-9A1E7A4F7556}") = "DataModelGenerator", "DataModelGenerator\DataModelGenerator.csproj", "{3BDEE1C4-5932-4AFD-919F-B42CE7135FD1}"
EndProject
Project("{2150E333-8FDC-42A3-9474-1A3956D46DE8}") = "Solution Items", "Solution Items", "{A9F34CC6-FB31-462A-9966-2EDD7C13E1FE}"
	ProjectSection(SolutionItems) = preProject
		..\readme.md = ..\readme.md
	EndProjectSection
EndProject
Global
	GlobalSection(SolutionConfigurationPlatforms) = preSolution
		Debug|Any CPU = Debug|Any CPU
		Release|Any CPU = Release|Any CPU
	EndGlobalSection
	GlobalSection(ProjectConfigurationPlatforms) = postSolution
		{71AE0F43-D5EC-4EAB-8110-F57B6F3BB888}.Debug|Any CPU.ActiveCfg = Debug|Any CPU
		{71AE0F43-D5EC-4EAB-8110-F57B6F3BB888}.Debug|Any CPU.Build.0 = Debug|Any CPU
		{71AE0F43-D5EC-4EAB-8110-F57B6F3BB888}.Release|Any CPU.ActiveCfg = Release|Any CPU
		{71AE0F43-D5EC-4EAB-8110-F57B6F3BB888}.Release|Any CPU.Build.0 = Release|Any CPU
		{576CF740-C14D-4241-912F-D97B309146D0}.Debug|Any CPU.ActiveCfg = Debug|Any CPU
		{576CF740-C14D-4241-912F-D97B309146D0}.Debug|Any CPU.Build.0 = Debug|Any CPU
		{576CF740-C14D-4241-912F-D97B309146D0}.Release|Any CPU.ActiveCfg = Release|Any CPU
		{576CF740-C14D-4241-912F-D97B309146D0}.Release|Any CPU.Build.0 = Release|Any CPU
		{44CD835E-2303-41FC-97D1-2CBD1D3DF8AF}.Debug|Any CPU.ActiveCfg = Debug|Any CPU
		{44CD835E-2303-41FC-97D1-2CBD1D3DF8AF}.Debug|Any CPU.Build.0 = Debug|Any CPU
		{44CD835E-2303-41FC-97D1-2CBD1D3DF8AF}.Release|Any CPU.ActiveCfg = Release|Any CPU
		{44CD835E-2303-41FC-97D1-2CBD1D3DF8AF}.Release|Any CPU.Build.0 = Release|Any CPU
		{3BDEE1C4-5932-4AFD-919F-B42CE7135FD1}.Debug|Any CPU.ActiveCfg = Debug|Any CPU
		{3BDEE1C4-5932-4AFD-919F-B42CE7135FD1}.Debug|Any CPU.Build.0 = Debug|Any CPU
		{3BDEE1C4-5932-4AFD-919F-B42CE7135FD1}.Release|Any CPU.ActiveCfg = Release|Any CPU
		{3BDEE1C4-5932-4AFD-919F-B42CE7135FD1}.Release|Any CPU.Build.0 = Release|Any CPU
	EndGlobalSection
	GlobalSection(SolutionProperties) = preSolution
		HideSolutionNode = FALSE
	EndGlobalSection
	GlobalSection(ExtensibilityGlobals) = postSolution
		SolutionGuid = {D508106D-8540-4D72-A149-BB0206C113B4}
	EndGlobalSection
EndGlobal
